
Microsoft Visual Studio Solution File, Format Version 12.00
# Visual Studio Version 16
VisualStudioVersion = 16.0.29326.143
MinimumVisualStudioVersion = 10.0.40219.1
Project("{FAE04EC0-301F-11D3-BF4B-00C04F79EFBC}") = "SampleMappingLib", "SampleMappingLib\SampleMappingLib.csproj", "{C527873C-D2C7-4FFE-A540-6B43C040306C}"
EndProject
Global
	GlobalSection(SolutionConfigurationPlatforms) = preSolution
		Debug|Any CPU = Debug|Any CPU
		Release|Any CPU = Release|Any CPU
	EndGlobalSection
	GlobalSection(ProjectConfigurationPlatforms) = postSolution
		{C527873C-D2C7-4FFE-A540-6B43C040306C}.Debug|Any CPU.ActiveCfg = Debug|Any CPU
		{C527873C-D2C7-4FFE-A540-6B43C040306C}.Debug|Any CPU.Build.0 = Debug|Any CPU
		{C527873C-D2C7-4FFE-A540-6B43C040306C}.Release|Any CPU.ActiveCfg = Release|Any CPU
		{C527873C-D2C7-4FFE-A540-6B43C040306C}.Release|Any CPU.Build.0 = Release|Any CPU
	EndGlobalSection
	GlobalSection(SolutionProperties) = preSolution
		HideSolutionNode = FALSE
	EndGlobalSection
	GlobalSection(ExtensibilityGlobals) = postSolution
		SolutionGuid = {668E0150-BF22-47AB-8634-0077B21A833B}
	EndGlobalSection
EndGlobal
